
Microsoft Visual Studio Solution File, Format Version 12.00
# Visual Studio Version 16
VisualStudioVersion = 16.0.31112.23
MinimumVisualStudioVersion = 10.0.40219.1
Project("{FAE04EC0-301F-11D3-BF4B-00C04F79EFBC}") = "CarStoreGUI", "CarStoreGUI.csproj", "{DDDCE827-B48D-4B98-B26B-7F0FA6549052}"
EndProject
Global
	GlobalSection(SolutionConfigurationPlatforms) = preSolution
		Debug|Any CPU = Debug|Any CPU
		Release|Any CPU = Release|Any CPU
	EndGlobalSection
	GlobalSection(ProjectConfigurationPlatforms) = postSolution
		{DDDCE827-B48D-4B98-B26B-7F0FA6549052}.Debug|Any CPU.ActiveCfg = Debug|Any CPU
		{DDDCE827-B48D-4B98-B26B-7F0FA6549052}.Debug|Any CPU.Build.0 = Debug|Any CPU
		{DDDCE827-B48D-4B98-B26B-7F0FA6549052}.Release|Any CPU.ActiveCfg = Release|Any CPU
		{DDDCE827-B48D-4B98-B26B-7F0FA6549052}.Release|Any CPU.Build.0 = Release|Any CPU
	EndGlobalSection
	GlobalSection(SolutionProperties) = preSolution
		HideSolutionNode = FALSE
	EndGlobalSection
	GlobalSection(ExtensibilityGlobals) = postSolution
		SolutionGuid = {A6DFFBE8-0B16-4A00-825E-C38A1E17F8B2}
	EndGlobalSection
EndGlobal
