
Microsoft Visual Studio Solution File, Format Version 12.00
# Visual Studio Version 16
VisualStudioVersion = 16.0.31112.23
MinimumVisualStudioVersion = 10.0.40219.1
Project("{FAE04EC0-301F-11D3-BF4B-00C04F79EFBC}") = "CarStoreConsoleApp", "..\CarStoreConsoleApp\CarStoreConsoleApp.csproj", "{B0660AF2-1E32-48AA-A56F-B59DD9188880}"
EndProject
Project("{FAE04EC0-301F-11D3-BF4B-00C04F79EFBC}") = "CarClassLibrary", "CarClassLibrary.csproj", "{971F78C7-C84F-4F75-B2FB-FDDB3ADE95AE}"
EndProject
Global
	GlobalSection(SolutionConfigurationPlatforms) = preSolution
		Debug|Any CPU = Debug|Any CPU
		Release|Any CPU = Release|Any CPU
	EndGlobalSection
	GlobalSection(ProjectConfigurationPlatforms) = postSolution
		{B0660AF2-1E32-48AA-A56F-B59DD9188880}.Debug|Any CPU.ActiveCfg = Debug|Any CPU
		{B0660AF2-1E32-48AA-A56F-B59DD9188880}.Debug|Any CPU.Build.0 = Debug|Any CPU
		{B0660AF2-1E32-48AA-A56F-B59DD9188880}.Release|Any CPU.ActiveCfg = Release|Any CPU
		{B0660AF2-1E32-48AA-A56F-B59DD9188880}.Release|Any CPU.Build.0 = Release|Any CPU
		{971F78C7-C84F-4F75-B2FB-FDDB3ADE95AE}.Debug|Any CPU.ActiveCfg = Debug|Any CPU
		{971F78C7-C84F-4F75-B2FB-FDDB3ADE95AE}.Debug|Any CPU.Build.0 = Debug|Any CPU
		{971F78C7-C84F-4F75-B2FB-FDDB3ADE95AE}.Release|Any CPU.ActiveCfg = Release|Any CPU
		{971F78C7-C84F-4F75-B2FB-FDDB3ADE95AE}.Release|Any CPU.Build.0 = Release|Any CPU
	EndGlobalSection
	GlobalSection(SolutionProperties) = preSolution
		HideSolutionNode = FALSE
	EndGlobalSection
	GlobalSection(ExtensibilityGlobals) = postSolution
		SolutionGuid = {F34B0298-0D44-4ADC-87DF-B734D337A711}
	EndGlobalSection
EndGlobal
